
Microsoft Visual Studio Solution File, Format Version 12.00
# Visual Studio 14
VisualStudioVersion = 14.0.25420.1
MinimumVisualStudioVersion = 10.0.40219.1
Project("{FAE04EC0-301F-11D3-BF4B-00C04F79EFBC}") = "AISWPF", "AISWPF\AISWPF.csproj", "{3041901E-FF2A-416C-BC08-A3B95EC1085A}"
EndProject
Project("{FAE04EC0-301F-11D3-BF4B-00C04F79EFBC}") = "AISWPFNew", "AISWPFNew\AISWPFNew.csproj", "{BE5B6B6A-6836-4A3D-9EB4-A6E81423BA56}"
EndProject
Global
	GlobalSection(SolutionConfigurationPlatforms) = preSolution
		Debug|Any CPU = Debug|Any CPU
		Release|Any CPU = Release|Any CPU
	EndGlobalSection
	GlobalSection(ProjectConfigurationPlatforms) = postSolution
		{3041901E-FF2A-416C-BC08-A3B95EC1085A}.Debug|Any CPU.ActiveCfg = Debug|Any CPU
		{3041901E-FF2A-416C-BC08-A3B95EC1085A}.Debug|Any CPU.Build.0 = Debug|Any CPU
		{3041901E-FF2A-416C-BC08-A3B95EC1085A}.Release|Any CPU.ActiveCfg = Release|Any CPU
		{3041901E-FF2A-416C-BC08-A3B95EC1085A}.Release|Any CPU.Build.0 = Release|Any CPU
		{BE5B6B6A-6836-4A3D-9EB4-A6E81423BA56}.Debug|Any CPU.ActiveCfg = Debug|Any CPU
		{BE5B6B6A-6836-4A3D-9EB4-A6E81423BA56}.Debug|Any CPU.Build.0 = Debug|Any CPU
		{BE5B6B6A-6836-4A3D-9EB4-A6E81423BA56}.Release|Any CPU.ActiveCfg = Release|Any CPU
		{BE5B6B6A-6836-4A3D-9EB4-A6E81423BA56}.Release|Any CPU.Build.0 = Release|Any CPU
	EndGlobalSection
	GlobalSection(SolutionProperties) = preSolution
		HideSolutionNode = FALSE
	EndGlobalSection
EndGlobal
